
Microsoft Visual Studio Solution File, Format Version 12.00
# Visual Studio 2013
VisualStudioVersion = 12.0.30501.0
MinimumVisualStudioVersion = 10.0.40219.1
Project("{FAE04EC0-301F-11D3-BF4B-00C04F79EFBC}") = "GeneticAlgorithm", "GeneticAlgorithm\GeneticAlgorithm.csproj", "{2A8F2513-E6EC-4DE9-A7CA-872FB70D958B}"
EndProject
Project("{2150E333-8FDC-42A3-9474-1A3956D46DE8}") = "Solution Items", "Solution Items", "{05FE7B17-BA93-44CD-8641-102DD3B0EB25}"
	ProjectSection(SolutionItems) = preProject
		Performance1.psess = Performance1.psess
	EndProjectSection
EndProject
Global
	GlobalSection(SolutionConfigurationPlatforms) = preSolution
		Debug|Any CPU = Debug|Any CPU
		Release|Any CPU = Release|Any CPU
	EndGlobalSection
	GlobalSection(ProjectConfigurationPlatforms) = postSolution
		{2A8F2513-E6EC-4DE9-A7CA-872FB70D958B}.Debug|Any CPU.ActiveCfg = Debug|Any CPU
		{2A8F2513-E6EC-4DE9-A7CA-872FB70D958B}.Debug|Any CPU.Build.0 = Debug|Any CPU
		{2A8F2513-E6EC-4DE9-A7CA-872FB70D958B}.Release|Any CPU.ActiveCfg = Release|Any CPU
		{2A8F2513-E6EC-4DE9-A7CA-872FB70D958B}.Release|Any CPU.Build.0 = Release|Any CPU
	EndGlobalSection
	GlobalSection(SolutionProperties) = preSolution
		HideSolutionNode = FALSE
	EndGlobalSection
	GlobalSection(Performance) = preSolution
		HasPerformanceSessions = true
	EndGlobalSection
EndGlobal
